
Microsoft Visual Studio Solution File, Format Version 12.00
# Visual Studio Version 16
VisualStudioVersion = 16.0.31829.152
MinimumVisualStudioVersion = 10.0.40219.1
Project("{FAE04EC0-301F-11D3-BF4B-00C04F79EFBC}") = "Repositorio", "Repositorio\Repositorio.csproj", "{43F37E32-638A-4FDC-893B-0FDCE7DBC3F1}"
EndProject
Project("{FAE04EC0-301F-11D3-BF4B-00C04F79EFBC}") = "WEB", "WEB\WEB.csproj", "{230AC28F-FBC9-4C28-A7ED-81B7984B278C}"
EndProject
Global
	GlobalSection(SolutionConfigurationPlatforms) = preSolution
		Debug|Any CPU = Debug|Any CPU
		Release|Any CPU = Release|Any CPU
	EndGlobalSection
	GlobalSection(ProjectConfigurationPlatforms) = postSolution
		{43F37E32-638A-4FDC-893B-0FDCE7DBC3F1}.Debug|Any CPU.ActiveCfg = Debug|Any CPU
		{43F37E32-638A-4FDC-893B-0FDCE7DBC3F1}.Debug|Any CPU.Build.0 = Debug|Any CPU
		{43F37E32-638A-4FDC-893B-0FDCE7DBC3F1}.Release|Any CPU.ActiveCfg = Release|Any CPU
		{43F37E32-638A-4FDC-893B-0FDCE7DBC3F1}.Release|Any CPU.Build.0 = Release|Any CPU
		{230AC28F-FBC9-4C28-A7ED-81B7984B278C}.Debug|Any CPU.ActiveCfg = Debug|Any CPU
		{230AC28F-FBC9-4C28-A7ED-81B7984B278C}.Debug|Any CPU.Build.0 = Debug|Any CPU
		{230AC28F-FBC9-4C28-A7ED-81B7984B278C}.Release|Any CPU.ActiveCfg = Release|Any CPU
		{230AC28F-FBC9-4C28-A7ED-81B7984B278C}.Release|Any CPU.Build.0 = Release|Any CPU
	EndGlobalSection
	GlobalSection(SolutionProperties) = preSolution
		HideSolutionNode = FALSE
	EndGlobalSection
	GlobalSection(ExtensibilityGlobals) = postSolution
		SolutionGuid = {DEE3F0D5-42D6-49B7-A8D7-A1111C4455F8}
	EndGlobalSection
EndGlobal
